{"filter":false,"title":"Gemfile.lock","tooltip":"/pinterested/Gemfile.lock","undoManager":{"mark":-1,"position":-1,"stack":[[{"start":{"row":261,"column":17},"end":{"row":261,"column":18},"action":"insert","lines":["\""],"id":3}],[{"start":{"row":261,"column":8},"end":{"row":261,"column":9},"action":"insert","lines":["\""],"id":2}]]},"ace":{"folds":[],"scrolltop":3868.5,"scrollleft":0,"selection":{"start":{"row":263,"column":12},"end":{"row":263,"column":12},"isBackwards":false},"options":{"guessTabSize":true,"useWrapMode":false,"wrapToView":true},"firstLineState":{"row":240,"state":"start","mode":"ace/mode/text"}},"timestamp":1698624750553,"hash":"8b5514be0b7b15bcf9f89768182747ce76779816"}